
Microsoft Visual Studio Solution File, Format Version 12.00
# Visual Studio Version 17
VisualStudioVersion = 17.5.002.0
MinimumVisualStudioVersion = 10.0.40219.1
Project("{9A19103F-16F7-4668-BE54-9A1E7A4F7556}") = "increasedDeadlines", "increasedDeadlines.csproj", "{FD291CA4-3EC1-46C5-9C7D-CF5BFFE19693}"
EndProject
Global
	GlobalSection(SolutionConfigurationPlatforms) = preSolution
		Debug|Any CPU = Debug|Any CPU
		Release|Any CPU = Release|Any CPU
	EndGlobalSection
	GlobalSection(ProjectConfigurationPlatforms) = postSolution
		{FD291CA4-3EC1-46C5-9C7D-CF5BFFE19693}.Debug|Any CPU.ActiveCfg = Debug|Any CPU
		{FD291CA4-3EC1-46C5-9C7D-CF5BFFE19693}.Debug|Any CPU.Build.0 = Debug|Any CPU
		{FD291CA4-3EC1-46C5-9C7D-CF5BFFE19693}.Release|Any CPU.ActiveCfg = Release|Any CPU
		{FD291CA4-3EC1-46C5-9C7D-CF5BFFE19693}.Release|Any CPU.Build.0 = Release|Any CPU
	EndGlobalSection
	GlobalSection(SolutionProperties) = preSolution
		HideSolutionNode = FALSE
	EndGlobalSection
	GlobalSection(ExtensibilityGlobals) = postSolution
		SolutionGuid = {D1644A93-7876-41F2-8728-6A8ECA7A462C}
	EndGlobalSection
EndGlobal
